
Microsoft Visual Studio Solution File, Format Version 12.00
# Visual Studio 2015
Project("{FAE04EC0-301F-11D3-BF4B-00C04F79EFBC}") = "VR_3D.CSharp", "VR_3D.CSharp.csproj", "{B8C5CD54-312E-936B-285F-38165A176A07}"
EndProject
Project("{FAE04EC0-301F-11D3-BF4B-00C04F79EFBC}") = "VR_3D.CSharp.Editor", "VR_3D.CSharp.Editor.csproj", "{2EE8F214-DFBF-2906-E728-B80CCCE6D0D1}"
EndProject
Global
	GlobalSection(SolutionConfigurationPlatforms) = preSolution
		Debug|Any CPU = Debug|Any CPU
		Release|Any CPU = Release|Any CPU
	EndGlobalSection
	GlobalSection(ProjectConfigurationPlatforms) = postSolution
		{B8C5CD54-312E-936B-285F-38165A176A07}.Debug|Any CPU.ActiveCfg = Debug|Any CPU
		{B8C5CD54-312E-936B-285F-38165A176A07}.Debug|Any CPU.Build.0 = Debug|Any CPU
		{B8C5CD54-312E-936B-285F-38165A176A07}.Release|Any CPU.ActiveCfg = Release|Any CPU
		{B8C5CD54-312E-936B-285F-38165A176A07}.Release|Any CPU.Build.0 = Release|Any CPU
		{2EE8F214-DFBF-2906-E728-B80CCCE6D0D1}.Debug|Any CPU.ActiveCfg = Debug|Any CPU
		{2EE8F214-DFBF-2906-E728-B80CCCE6D0D1}.Debug|Any CPU.Build.0 = Debug|Any CPU
		{2EE8F214-DFBF-2906-E728-B80CCCE6D0D1}.Release|Any CPU.ActiveCfg = Release|Any CPU
		{2EE8F214-DFBF-2906-E728-B80CCCE6D0D1}.Release|Any CPU.Build.0 = Release|Any CPU
	EndGlobalSection
	GlobalSection(SolutionProperties) = preSolution
		HideSolutionNode = FALSE
	EndGlobalSection
EndGlobal
